{
  "version": 4,
  "terraform_version": "1.10.5",
  "serial": 17,
  "lineage": "9321c6d5-4904-8fdf-b76f-cef5f80e9221",
  "outputs": {
    "instance_ip": {
      "value": [
        "35.153.226.131",
        "54.144.198.214",
        "54.90.41.244",
        "54.236.17.16",
        "52.91.160.148"
      ],
      "type": [
        "tuple",
        [
          "string",
          "string",
          "string",
          "string",
          "string"
        ]
      ]
    }
  },
  "resources": [
    {
      "mode": "managed",
      "type": "aws_instance",
      "name": "web",
      "provider": "provider[\"registry.terraform.io/hashicorp/aws\"]",
      "instances": [
        {
          "index_key": 0,
          "schema_version": 1,
          "attributes": {
            "ami": "ami-053a45fff0a704a47",
            "arn": "arn:aws:ec2:us-east-1:695359722844:instance/i-0af524a5245d6c1f9",
            "associate_public_ip_address": true,
            "availability_zone": "us-east-1e",
            "capacity_reservation_specification": [
              {
                "capacity_reservation_preference": "open",
                "capacity_reservation_target": []
              }
            ],
            "cpu_core_count": 1,
            "cpu_options": [
              {
                "amd_sev_snp": "",
                "core_count": 1,
                "threads_per_core": 1
              }
            ],
            "cpu_threads_per_core": 1,
            "credit_specification": [
              {
                "cpu_credits": "standard"
              }
            ],
            "disable_api_stop": false,
            "disable_api_termination": false,
            "ebs_block_device": [],
            "ebs_optimized": false,
            "enable_primary_ipv6": null,
            "enclave_options": [
              {
                "enabled": false
              }
            ],
            "ephemeral_block_device": [],
            "get_password_data": false,
            "hibernation": false,
            "host_id": "",
            "host_resource_group_arn": null,
            "iam_instance_profile": "",
            "id": "i-0af524a5245d6c1f9",
            "instance_initiated_shutdown_behavior": "stop",
            "instance_lifecycle": "",
            "instance_market_options": [],
            "instance_state": "running",
            "instance_type": "t2.micro",
            "ipv6_address_count": 0,
            "ipv6_addresses": [],
            "key_name": "sl-key",
            "launch_template": [],
            "maintenance_options": [
              {
                "auto_recovery": "default"
              }
            ],
            "metadata_options": [
              {
                "http_endpoint": "enabled",
                "http_protocol_ipv6": "disabled",
                "http_put_response_hop_limit": 2,
                "http_tokens": "required",
                "instance_metadata_tags": "disabled"
              }
            ],
            "monitoring": false,
            "network_interface": [],
            "outpost_arn": "",
            "password_data": "",
            "placement_group": "",
            "placement_partition_number": 0,
            "primary_network_interface_id": "eni-02ab7e3931d7f21ac",
            "private_dns": "ip-10-0-1-155.ec2.internal",
            "private_dns_name_options": [
              {
                "enable_resource_name_dns_a_record": false,
                "enable_resource_name_dns_aaaa_record": false,
                "hostname_type": "ip-name"
              }
            ],
            "private_ip": "10.0.1.155",
            "public_dns": "",
            "public_ip": "35.153.226.131",
            "root_block_device": [
              {
                "delete_on_termination": true,
                "device_name": "/dev/xvda",
                "encrypted": false,
                "iops": 3000,
                "kms_key_id": "",
                "tags": {},
                "tags_all": {},
                "throughput": 125,
                "volume_id": "vol-04493970368fb26da",
                "volume_size": 8,
                "volume_type": "gp3"
              }
            ],
            "secondary_private_ips": [],
            "security_groups": [
              "sg-01561f012e1202d55"
            ],
            "source_dest_check": true,
            "spot_instance_request_id": "",
            "subnet_id": "subnet-026d76c634060547e",
            "tags": {
              "Name": "tomcat_instance_1"
            },
            "tags_all": {
              "Name": "tomcat_instance_1"
            },
            "tenancy": "default",
            "timeouts": null,
            "user_data": null,
            "user_data_base64": null,
            "user_data_replace_on_change": false,
            "volume_tags": null,
            "vpc_security_group_ids": [
              "sg-01561f012e1202d55"
            ]
          },
          "sensitive_attributes": [],
          "private": "eyJlMmJmYjczMC1lY2FhLTExZTYtOGY4OC0zNDM2M2JjN2M0YzAiOnsiY3JlYXRlIjo2MDAwMDAwMDAwMDAsImRlbGV0ZSI6MTIwMDAwMDAwMDAwMCwicmVhZCI6OTAwMDAwMDAwMDAwLCJ1cGRhdGUiOjYwMDAwMDAwMDAwMH0sInNjaGVtYV92ZXJzaW9uIjoiMSJ9",
          "dependencies": [
            "aws_key_pair.app-key",
            "aws_security_group.sl-sg",
            "aws_subnet.subnet-1",
            "aws_vpc.sl-vpc",
            "local_file.sl-key",
            "tls_private_key.tls-key"
          ]
        },
        {
          "index_key": 1,
          "schema_version": 1,
          "attributes": {
            "ami": "ami-053a45fff0a704a47",
            "arn": "arn:aws:ec2:us-east-1:695359722844:instance/i-0df1fe34a8f6a5f9d",
            "associate_public_ip_address": true,
            "availability_zone": "us-east-1e",
            "capacity_reservation_specification": [
              {
                "capacity_reservation_preference": "open",
                "capacity_reservation_target": []
              }
            ],
            "cpu_core_count": 1,
            "cpu_options": [
              {
                "amd_sev_snp": "",
                "core_count": 1,
                "threads_per_core": 1
              }
            ],
            "cpu_threads_per_core": 1,
            "credit_specification": [
              {
                "cpu_credits": "standard"
              }
            ],
            "disable_api_stop": false,
            "disable_api_termination": false,
            "ebs_block_device": [],
            "ebs_optimized": false,
            "enable_primary_ipv6": null,
            "enclave_options": [
              {
                "enabled": false
              }
            ],
            "ephemeral_block_device": [],
            "get_password_data": false,
            "hibernation": false,
            "host_id": "",
            "host_resource_group_arn": null,
            "iam_instance_profile": "",
            "id": "i-0df1fe34a8f6a5f9d",
            "instance_initiated_shutdown_behavior": "stop",
            "instance_lifecycle": "",
            "instance_market_options": [],
            "instance_state": "running",
            "instance_type": "t2.micro",
            "ipv6_address_count": 0,
            "ipv6_addresses": [],
            "key_name": "sl-key",
            "launch_template": [],
            "maintenance_options": [
              {
                "auto_recovery": "default"
              }
            ],
            "metadata_options": [
              {
                "http_endpoint": "enabled",
                "http_protocol_ipv6": "disabled",
                "http_put_response_hop_limit": 2,
                "http_tokens": "required",
                "instance_metadata_tags": "disabled"
              }
            ],
            "monitoring": false,
            "network_interface": [],
            "outpost_arn": "",
            "password_data": "",
            "placement_group": "",
            "placement_partition_number": 0,
            "primary_network_interface_id": "eni-0e89de9b83206eb01",
            "private_dns": "ip-10-0-1-182.ec2.internal",
            "private_dns_name_options": [
              {
                "enable_resource_name_dns_a_record": false,
                "enable_resource_name_dns_aaaa_record": false,
                "hostname_type": "ip-name"
              }
            ],
            "private_ip": "10.0.1.182",
            "public_dns": "",
            "public_ip": "54.144.198.214",
            "root_block_device": [
              {
                "delete_on_termination": true,
                "device_name": "/dev/xvda",
                "encrypted": false,
                "iops": 3000,
                "kms_key_id": "",
                "tags": {},
                "tags_all": {},
                "throughput": 125,
                "volume_id": "vol-01ed30f0d1bf4e034",
                "volume_size": 8,
                "volume_type": "gp3"
              }
            ],
            "secondary_private_ips": [],
            "security_groups": [
              "sg-01561f012e1202d55"
            ],
            "source_dest_check": true,
            "spot_instance_request_id": "",
            "subnet_id": "subnet-026d76c634060547e",
            "tags": {
              "Name": "tomcat_instance_2"
            },
            "tags_all": {
              "Name": "tomcat_instance_2"
            },
            "tenancy": "default",
            "timeouts": null,
            "user_data": null,
            "user_data_base64": null,
            "user_data_replace_on_change": false,
            "volume_tags": null,
            "vpc_security_group_ids": [
              "sg-01561f012e1202d55"
            ]
          },
          "sensitive_attributes": [],
          "private": "eyJlMmJmYjczMC1lY2FhLTExZTYtOGY4OC0zNDM2M2JjN2M0YzAiOnsiY3JlYXRlIjo2MDAwMDAwMDAwMDAsImRlbGV0ZSI6MTIwMDAwMDAwMDAwMCwicmVhZCI6OTAwMDAwMDAwMDAwLCJ1cGRhdGUiOjYwMDAwMDAwMDAwMH0sInNjaGVtYV92ZXJzaW9uIjoiMSJ9",
          "dependencies": [
            "aws_key_pair.app-key",
            "aws_security_group.sl-sg",
            "aws_subnet.subnet-1",
            "aws_vpc.sl-vpc",
            "local_file.sl-key",
            "tls_private_key.tls-key"
          ]
        },
        {
          "index_key": 2,
          "schema_version": 1,
          "attributes": {
            "ami": "ami-053a45fff0a704a47",
            "arn": "arn:aws:ec2:us-east-1:695359722844:instance/i-01415c01c5df0f14e",
            "associate_public_ip_address": true,
            "availability_zone": "us-east-1e",
            "capacity_reservation_specification": [
              {
                "capacity_reservation_preference": "open",
                "capacity_reservation_target": []
              }
            ],
            "cpu_core_count": 1,
            "cpu_options": [
              {
                "amd_sev_snp": "",
                "core_count": 1,
                "threads_per_core": 1
              }
            ],
            "cpu_threads_per_core": 1,
            "credit_specification": [
              {
                "cpu_credits": "standard"
              }
            ],
            "disable_api_stop": false,
            "disable_api_termination": false,
            "ebs_block_device": [],
            "ebs_optimized": false,
            "enable_primary_ipv6": null,
            "enclave_options": [
              {
                "enabled": false
              }
            ],
            "ephemeral_block_device": [],
            "get_password_data": false,
            "hibernation": false,
            "host_id": "",
            "host_resource_group_arn": null,
            "iam_instance_profile": "",
            "id": "i-01415c01c5df0f14e",
            "instance_initiated_shutdown_behavior": "stop",
            "instance_lifecycle": "",
            "instance_market_options": [],
            "instance_state": "running",
            "instance_type": "t2.micro",
            "ipv6_address_count": 0,
            "ipv6_addresses": [],
            "key_name": "sl-key",
            "launch_template": [],
            "maintenance_options": [
              {
                "auto_recovery": "default"
              }
            ],
            "metadata_options": [
              {
                "http_endpoint": "enabled",
                "http_protocol_ipv6": "disabled",
                "http_put_response_hop_limit": 2,
                "http_tokens": "required",
                "instance_metadata_tags": "disabled"
              }
            ],
            "monitoring": false,
            "network_interface": [],
            "outpost_arn": "",
            "password_data": "",
            "placement_group": "",
            "placement_partition_number": 0,
            "primary_network_interface_id": "eni-0051db2acd17adf0f",
            "private_dns": "ip-10-0-1-229.ec2.internal",
            "private_dns_name_options": [
              {
                "enable_resource_name_dns_a_record": false,
                "enable_resource_name_dns_aaaa_record": false,
                "hostname_type": "ip-name"
              }
            ],
            "private_ip": "10.0.1.229",
            "public_dns": "",
            "public_ip": "54.90.41.244",
            "root_block_device": [
              {
                "delete_on_termination": true,
                "device_name": "/dev/xvda",
                "encrypted": false,
                "iops": 3000,
                "kms_key_id": "",
                "tags": {},
                "tags_all": {},
                "throughput": 125,
                "volume_id": "vol-0b64cd057c7b810ab",
                "volume_size": 8,
                "volume_type": "gp3"
              }
            ],
            "secondary_private_ips": [],
            "security_groups": [
              "sg-01561f012e1202d55"
            ],
            "source_dest_check": true,
            "spot_instance_request_id": "",
            "subnet_id": "subnet-026d76c634060547e",
            "tags": {
              "Name": "tomcat_instance_3"
            },
            "tags_all": {
              "Name": "tomcat_instance_3"
            },
            "tenancy": "default",
            "timeouts": null,
            "user_data": null,
            "user_data_base64": null,
            "user_data_replace_on_change": false,
            "volume_tags": null,
            "vpc_security_group_ids": [
              "sg-01561f012e1202d55"
            ]
          },
          "sensitive_attributes": [],
          "private": "eyJlMmJmYjczMC1lY2FhLTExZTYtOGY4OC0zNDM2M2JjN2M0YzAiOnsiY3JlYXRlIjo2MDAwMDAwMDAwMDAsImRlbGV0ZSI6MTIwMDAwMDAwMDAwMCwicmVhZCI6OTAwMDAwMDAwMDAwLCJ1cGRhdGUiOjYwMDAwMDAwMDAwMH0sInNjaGVtYV92ZXJzaW9uIjoiMSJ9",
          "dependencies": [
            "aws_key_pair.app-key",
            "aws_security_group.sl-sg",
            "aws_subnet.subnet-1",
            "aws_vpc.sl-vpc",
            "local_file.sl-key",
            "tls_private_key.tls-key"
          ]
        },
        {
          "index_key": 3,
          "schema_version": 1,
          "attributes": {
            "ami": "ami-053a45fff0a704a47",
            "arn": "arn:aws:ec2:us-east-1:695359722844:instance/i-0b31f1c090f4a748e",
            "associate_public_ip_address": true,
            "availability_zone": "us-east-1e",
            "capacity_reservation_specification": [
              {
                "capacity_reservation_preference": "open",
                "capacity_reservation_target": []
              }
            ],
            "cpu_core_count": 1,
            "cpu_options": [
              {
                "amd_sev_snp": "",
                "core_count": 1,
                "threads_per_core": 1
              }
            ],
            "cpu_threads_per_core": 1,
            "credit_specification": [
              {
                "cpu_credits": "standard"
              }
            ],
            "disable_api_stop": false,
            "disable_api_termination": false,
            "ebs_block_device": [],
            "ebs_optimized": false,
            "enable_primary_ipv6": null,
            "enclave_options": [
              {
                "enabled": false
              }
            ],
            "ephemeral_block_device": [],
            "get_password_data": false,
            "hibernation": false,
            "host_id": "",
            "host_resource_group_arn": null,
            "iam_instance_profile": "",
            "id": "i-0b31f1c090f4a748e",
            "instance_initiated_shutdown_behavior": "stop",
            "instance_lifecycle": "",
            "instance_market_options": [],
            "instance_state": "running",
            "instance_type": "t2.micro",
            "ipv6_address_count": 0,
            "ipv6_addresses": [],
            "key_name": "sl-key",
            "launch_template": [],
            "maintenance_options": [
              {
                "auto_recovery": "default"
              }
            ],
            "metadata_options": [
              {
                "http_endpoint": "enabled",
                "http_protocol_ipv6": "disabled",
                "http_put_response_hop_limit": 2,
                "http_tokens": "required",
                "instance_metadata_tags": "disabled"
              }
            ],
            "monitoring": false,
            "network_interface": [],
            "outpost_arn": "",
            "password_data": "",
            "placement_group": "",
            "placement_partition_number": 0,
            "primary_network_interface_id": "eni-0da06f48999f8a8d1",
            "private_dns": "ip-10-0-1-134.ec2.internal",
            "private_dns_name_options": [
              {
                "enable_resource_name_dns_a_record": false,
                "enable_resource_name_dns_aaaa_record": false,
                "hostname_type": "ip-name"
              }
            ],
            "private_ip": "10.0.1.134",
            "public_dns": "",
            "public_ip": "54.236.17.16",
            "root_block_device": [
              {
                "delete_on_termination": true,
                "device_name": "/dev/xvda",
                "encrypted": false,
                "iops": 3000,
                "kms_key_id": "",
                "tags": {},
                "tags_all": {},
                "throughput": 125,
                "volume_id": "vol-0e5497bb392041717",
                "volume_size": 8,
                "volume_type": "gp3"
              }
            ],
            "secondary_private_ips": [],
            "security_groups": [
              "sg-01561f012e1202d55"
            ],
            "source_dest_check": true,
            "spot_instance_request_id": "",
            "subnet_id": "subnet-026d76c634060547e",
            "tags": {
              "Name": "tomcat_instance_4"
            },
            "tags_all": {
              "Name": "tomcat_instance_4"
            },
            "tenancy": "default",
            "timeouts": null,
            "user_data": null,
            "user_data_base64": null,
            "user_data_replace_on_change": false,
            "volume_tags": null,
            "vpc_security_group_ids": [
              "sg-01561f012e1202d55"
            ]
          },
          "sensitive_attributes": [],
          "private": "eyJlMmJmYjczMC1lY2FhLTExZTYtOGY4OC0zNDM2M2JjN2M0YzAiOnsiY3JlYXRlIjo2MDAwMDAwMDAwMDAsImRlbGV0ZSI6MTIwMDAwMDAwMDAwMCwicmVhZCI6OTAwMDAwMDAwMDAwLCJ1cGRhdGUiOjYwMDAwMDAwMDAwMH0sInNjaGVtYV92ZXJzaW9uIjoiMSJ9",
          "dependencies": [
            "aws_key_pair.app-key",
            "aws_security_group.sl-sg",
            "aws_subnet.subnet-1",
            "aws_vpc.sl-vpc",
            "local_file.sl-key",
            "tls_private_key.tls-key"
          ]
        },
        {
          "index_key": 4,
          "schema_version": 1,
          "attributes": {
            "ami": "ami-053a45fff0a704a47",
            "arn": "arn:aws:ec2:us-east-1:695359722844:instance/i-05ea7de3128a75a1f",
            "associate_public_ip_address": true,
            "availability_zone": "us-east-1e",
            "capacity_reservation_specification": [
              {
                "capacity_reservation_preference": "open",
                "capacity_reservation_target": []
              }
            ],
            "cpu_core_count": 1,
            "cpu_options": [
              {
                "amd_sev_snp": "",
                "core_count": 1,
                "threads_per_core": 1
              }
            ],
            "cpu_threads_per_core": 1,
            "credit_specification": [
              {
                "cpu_credits": "standard"
              }
            ],
            "disable_api_stop": false,
            "disable_api_termination": false,
            "ebs_block_device": [],
            "ebs_optimized": false,
            "enable_primary_ipv6": null,
            "enclave_options": [
              {
                "enabled": false
              }
            ],
            "ephemeral_block_device": [],
            "get_password_data": false,
            "hibernation": false,
            "host_id": "",
            "host_resource_group_arn": null,
            "iam_instance_profile": "",
            "id": "i-05ea7de3128a75a1f",
            "instance_initiated_shutdown_behavior": "stop",
            "instance_lifecycle": "",
            "instance_market_options": [],
            "instance_state": "running",
            "instance_type": "t2.micro",
            "ipv6_address_count": 0,
            "ipv6_addresses": [],
            "key_name": "sl-key",
            "launch_template": [],
            "maintenance_options": [
              {
                "auto_recovery": "default"
              }
            ],
            "metadata_options": [
              {
                "http_endpoint": "enabled",
                "http_protocol_ipv6": "disabled",
                "http_put_response_hop_limit": 2,
                "http_tokens": "required",
                "instance_metadata_tags": "disabled"
              }
            ],
            "monitoring": false,
            "network_interface": [],
            "outpost_arn": "",
            "password_data": "",
            "placement_group": "",
            "placement_partition_number": 0,
            "primary_network_interface_id": "eni-09bc1566b4132af1a",
            "private_dns": "ip-10-0-1-27.ec2.internal",
            "private_dns_name_options": [
              {
                "enable_resource_name_dns_a_record": false,
                "enable_resource_name_dns_aaaa_record": false,
                "hostname_type": "ip-name"
              }
            ],
            "private_ip": "10.0.1.27",
            "public_dns": "",
            "public_ip": "52.91.160.148",
            "root_block_device": [
              {
                "delete_on_termination": true,
                "device_name": "/dev/xvda",
                "encrypted": false,
                "iops": 3000,
                "kms_key_id": "",
                "tags": {},
                "tags_all": {},
                "throughput": 125,
                "volume_id": "vol-007130e1bc18e13bc",
                "volume_size": 8,
                "volume_type": "gp3"
              }
            ],
            "secondary_private_ips": [],
            "security_groups": [
              "sg-01561f012e1202d55"
            ],
            "source_dest_check": true,
            "spot_instance_request_id": "",
            "subnet_id": "subnet-026d76c634060547e",
            "tags": {
              "Name": "tomcat_instance_5"
            },
            "tags_all": {
              "Name": "tomcat_instance_5"
            },
            "tenancy": "default",
            "timeouts": null,
            "user_data": null,
            "user_data_base64": null,
            "user_data_replace_on_change": false,
            "volume_tags": null,
            "vpc_security_group_ids": [
              "sg-01561f012e1202d55"
            ]
          },
          "sensitive_attributes": [],
          "private": "eyJlMmJmYjczMC1lY2FhLTExZTYtOGY4OC0zNDM2M2JjN2M0YzAiOnsiY3JlYXRlIjo2MDAwMDAwMDAwMDAsImRlbGV0ZSI6MTIwMDAwMDAwMDAwMCwicmVhZCI6OTAwMDAwMDAwMDAwLCJ1cGRhdGUiOjYwMDAwMDAwMDAwMH0sInNjaGVtYV92ZXJzaW9uIjoiMSJ9",
          "dependencies": [
            "aws_key_pair.app-key",
            "aws_security_group.sl-sg",
            "aws_subnet.subnet-1",
            "aws_vpc.sl-vpc",
            "local_file.sl-key",
            "tls_private_key.tls-key"
          ]
        }
      ]
    },
    {
      "mode": "managed",
      "type": "aws_internet_gateway",
      "name": "gw",
      "provider": "provider[\"registry.terraform.io/hashicorp/aws\"]",
      "instances": [
        {
          "schema_version": 0,
          "attributes": {
            "arn": "arn:aws:ec2:us-east-1:695359722844:internet-gateway/igw-0eadb86be250c8b15",
            "id": "igw-0eadb86be250c8b15",
            "owner_id": "695359722844",
            "tags": {
              "Name": "sl-gw"
            },
            "tags_all": {
              "Name": "sl-gw"
            },
            "timeouts": null,
            "vpc_id": "vpc-0574a253169446eb9"
          },
          "sensitive_attributes": [],
          "private": "eyJlMmJmYjczMC1lY2FhLTExZTYtOGY4OC0zNDM2M2JjN2M0YzAiOnsiY3JlYXRlIjoxMjAwMDAwMDAwMDAwLCJkZWxldGUiOjEyMDAwMDAwMDAwMDAsInVwZGF0ZSI6MTIwMDAwMDAwMDAwMH19",
          "dependencies": [
            "aws_vpc.sl-vpc"
          ]
        }
      ]
    },
    {
      "mode": "managed",
      "type": "aws_key_pair",
      "name": "app-key",
      "provider": "provider[\"registry.terraform.io/hashicorp/aws\"]",
      "instances": [
        {
          "schema_version": 1,
          "attributes": {
            "arn": "arn:aws:ec2:us-east-1:695359722844:key-pair/sl-key",
            "fingerprint": "55:39:ce:6c:57:f6:48:aa:8c:6f:ec:2e:79:a8:a4:f0",
            "id": "sl-key",
            "key_name": "sl-key",
            "key_name_prefix": "",
            "key_pair_id": "key-03afe72301ab6f175",
            "key_type": "rsa",
            "public_key": "ssh-rsa AAAAB3NzaC1yc2EAAAADAQABAAABAQC0wxeY3gX8q6JUpIntoCOhvzw3MMlaAk9pEDln/XsSosiSd9uGrwvsLte/p9U3Hpzg+PTKfCe2qkqwYxYWBVTfMKprBiWCjcnJItKO8/oLotqKHnkZ0OgWLAKi+OWgyEvOILLD0tsOoHfg1cKSaKTGx/cgd7+3ZILX4LjBTis44Nk8SkyEMF5oRiQ3aQqIAgBZ+28Uu7/dOSgujjc87UER/Vz3QRhdC5HazX0lQkH+z3WqqHnd7U79wTM6c5dc7Pq/VHFIVBSExgm046rrKN6Y0L/IQP9/DKRxHoXQtxXe+HNkw1aIRfSxL8KhgxawQORqPJnfsZrKyTpIweUCSZ63",
            "tags": null,
            "tags_all": {}
          },
          "sensitive_attributes": [],
          "private": "eyJzY2hlbWFfdmVyc2lvbiI6IjEifQ==",
          "dependencies": [
            "tls_private_key.tls-key"
          ]
        }
      ]
    },
    {
      "mode": "managed",
      "type": "aws_route",
      "name": "sl-route",
      "provider": "provider[\"registry.terraform.io/hashicorp/aws\"]",
      "instances": [
        {
          "schema_version": 0,
          "attributes": {
            "carrier_gateway_id": "",
            "core_network_arn": "",
            "destination_cidr_block": "0.0.0.0/0",
            "destination_ipv6_cidr_block": "",
            "destination_prefix_list_id": "",
            "egress_only_gateway_id": "",
            "gateway_id": "igw-0eadb86be250c8b15",
            "id": "r-rtb-0a4283ccd732cfc971080289494",
            "instance_id": "",
            "instance_owner_id": "",
            "local_gateway_id": "",
            "nat_gateway_id": "",
            "network_interface_id": "",
            "origin": "CreateRoute",
            "route_table_id": "rtb-0a4283ccd732cfc97",
            "state": "active",
            "timeouts": null,
            "transit_gateway_id": "",
            "vpc_endpoint_id": "",
            "vpc_peering_connection_id": ""
          },
          "sensitive_attributes": [],
          "private": "eyJlMmJmYjczMC1lY2FhLTExZTYtOGY4OC0zNDM2M2JjN2M0YzAiOnsiY3JlYXRlIjozMDAwMDAwMDAwMDAsImRlbGV0ZSI6MzAwMDAwMDAwMDAwLCJ1cGRhdGUiOjEyMDAwMDAwMDAwMH19",
          "dependencies": [
            "aws_internet_gateway.gw",
            "aws_route_table.sl-route-table",
            "aws_vpc.sl-vpc"
          ]
        }
      ]
    },
    {
      "mode": "managed",
      "type": "aws_route_table",
      "name": "sl-route-table",
      "provider": "provider[\"registry.terraform.io/hashicorp/aws\"]",
      "instances": [
        {
          "schema_version": 0,
          "attributes": {
            "arn": "arn:aws:ec2:us-east-1:695359722844:route-table/rtb-0a4283ccd732cfc97",
            "id": "rtb-0a4283ccd732cfc97",
            "owner_id": "695359722844",
            "propagating_vgws": [],
            "route": [],
            "tags": {
              "Name": "sl-route-table"
            },
            "tags_all": {
              "Name": "sl-route-table"
            },
            "timeouts": null,
            "vpc_id": "vpc-0574a253169446eb9"
          },
          "sensitive_attributes": [],
          "private": "eyJlMmJmYjczMC1lY2FhLTExZTYtOGY4OC0zNDM2M2JjN2M0YzAiOnsiY3JlYXRlIjozMDAwMDAwMDAwMDAsImRlbGV0ZSI6MzAwMDAwMDAwMDAwLCJ1cGRhdGUiOjEyMDAwMDAwMDAwMH19",
          "dependencies": [
            "aws_vpc.sl-vpc"
          ]
        }
      ]
    },
    {
      "mode": "managed",
      "type": "aws_route_table_association",
      "name": "a",
      "provider": "provider[\"registry.terraform.io/hashicorp/aws\"]",
      "instances": [
        {
          "schema_version": 0,
          "attributes": {
            "gateway_id": "",
            "id": "rtbassoc-060aacb170248bc9a",
            "route_table_id": "rtb-0a4283ccd732cfc97",
            "subnet_id": "subnet-026d76c634060547e",
            "timeouts": null
          },
          "sensitive_attributes": [],
          "private": "eyJlMmJmYjczMC1lY2FhLTExZTYtOGY4OC0zNDM2M2JjN2M0YzAiOnsiY3JlYXRlIjozMDAwMDAwMDAwMDAsImRlbGV0ZSI6MzAwMDAwMDAwMDAwLCJ1cGRhdGUiOjEyMDAwMDAwMDAwMH19",
          "dependencies": [
            "aws_route_table.sl-route-table",
            "aws_subnet.subnet-1",
            "aws_vpc.sl-vpc"
          ]
        }
      ]
    },
    {
      "mode": "managed",
      "type": "aws_security_group",
      "name": "sl-sg",
      "provider": "provider[\"registry.terraform.io/hashicorp/aws\"]",
      "instances": [
        {
          "schema_version": 1,
          "attributes": {
            "arn": "arn:aws:ec2:us-east-1:695359722844:security-group/sg-01561f012e1202d55",
            "description": "Managed by Terraform",
            "egress": [
              {
                "cidr_blocks": [
                  "0.0.0.0/0"
                ],
                "description": "",
                "from_port": 0,
                "ipv6_cidr_blocks": [],
                "prefix_list_ids": [],
                "protocol": "-1",
                "security_groups": [],
                "self": false,
                "to_port": 0
              }
            ],
            "id": "sg-01561f012e1202d55",
            "ingress": [
              {
                "cidr_blocks": [
                  "0.0.0.0/0"
                ],
                "description": "",
                "from_port": 22,
                "ipv6_cidr_blocks": [],
                "prefix_list_ids": [],
                "protocol": "tcp",
                "security_groups": [],
                "self": false,
                "to_port": 22
              },
              {
                "cidr_blocks": [
                  "0.0.0.0/0"
                ],
                "description": "",
                "from_port": 443,
                "ipv6_cidr_blocks": [],
                "prefix_list_ids": [],
                "protocol": "tcp",
                "security_groups": [],
                "self": false,
                "to_port": 443
              },
              {
                "cidr_blocks": [
                  "0.0.0.0/0"
                ],
                "description": "",
                "from_port": 8080,
                "ipv6_cidr_blocks": [],
                "prefix_list_ids": [],
                "protocol": "tcp",
                "security_groups": [],
                "self": false,
                "to_port": 8080
              },
              {
                "cidr_blocks": [
                  "0.0.0.0/0"
                ],
                "description": "",
                "from_port": 80,
                "ipv6_cidr_blocks": [],
                "prefix_list_ids": [],
                "protocol": "tcp",
                "security_groups": [],
                "self": false,
                "to_port": 80
              }
            ],
            "name": "sl-sg",
            "name_prefix": "",
            "owner_id": "695359722844",
            "revoke_rules_on_delete": false,
            "tags": {
              "Name": "sl-sg"
            },
            "tags_all": {
              "Name": "sl-sg"
            },
            "timeouts": null,
            "vpc_id": "vpc-0574a253169446eb9"
          },
          "sensitive_attributes": [],
          "private": "eyJlMmJmYjczMC1lY2FhLTExZTYtOGY4OC0zNDM2M2JjN2M0YzAiOnsiY3JlYXRlIjo2MDAwMDAwMDAwMDAsImRlbGV0ZSI6OTAwMDAwMDAwMDAwfSwic2NoZW1hX3ZlcnNpb24iOiIxIn0=",
          "dependencies": [
            "aws_vpc.sl-vpc"
          ]
        }
      ]
    },
    {
      "mode": "managed",
      "type": "aws_subnet",
      "name": "subnet-1",
      "provider": "provider[\"registry.terraform.io/hashicorp/aws\"]",
      "instances": [
        {
          "schema_version": 1,
          "attributes": {
            "arn": "arn:aws:ec2:us-east-1:695359722844:subnet/subnet-026d76c634060547e",
            "assign_ipv6_address_on_creation": false,
            "availability_zone": "us-east-1e",
            "availability_zone_id": "use1-az3",
            "cidr_block": "10.0.1.0/24",
            "customer_owned_ipv4_pool": "",
            "enable_dns64": false,
            "enable_lni_at_device_index": 0,
            "enable_resource_name_dns_a_record_on_launch": false,
            "enable_resource_name_dns_aaaa_record_on_launch": false,
            "id": "subnet-026d76c634060547e",
            "ipv6_cidr_block": "",
            "ipv6_cidr_block_association_id": "",
            "ipv6_native": false,
            "map_customer_owned_ip_on_launch": false,
            "map_public_ip_on_launch": true,
            "outpost_arn": "",
            "owner_id": "695359722844",
            "private_dns_hostname_type_on_launch": "ip-name",
            "tags": {
              "Name": "sl-subnet"
            },
            "tags_all": {
              "Name": "sl-subnet"
            },
            "timeouts": null,
            "vpc_id": "vpc-0574a253169446eb9"
          },
          "sensitive_attributes": [],
          "private": "eyJlMmJmYjczMC1lY2FhLTExZTYtOGY4OC0zNDM2M2JjN2M0YzAiOnsiY3JlYXRlIjo2MDAwMDAwMDAwMDAsImRlbGV0ZSI6MTIwMDAwMDAwMDAwMH0sInNjaGVtYV92ZXJzaW9uIjoiMSJ9",
          "dependencies": [
            "aws_vpc.sl-vpc"
          ]
        }
      ]
    },
    {
      "mode": "managed",
      "type": "aws_vpc",
      "name": "sl-vpc",
      "provider": "provider[\"registry.terraform.io/hashicorp/aws\"]",
      "instances": [
        {
          "schema_version": 1,
          "attributes": {
            "arn": "arn:aws:ec2:us-east-1:695359722844:vpc/vpc-0574a253169446eb9",
            "assign_generated_ipv6_cidr_block": false,
            "cidr_block": "10.0.0.0/16",
            "default_network_acl_id": "acl-0d74b4eccde1968f7",
            "default_route_table_id": "rtb-07f3e0628551fb0ae",
            "default_security_group_id": "sg-0ecd2bef78aabaad2",
            "dhcp_options_id": "dopt-0a7dee6c75d8353ce",
            "enable_dns_hostnames": false,
            "enable_dns_support": true,
            "enable_network_address_usage_metrics": false,
            "id": "vpc-0574a253169446eb9",
            "instance_tenancy": "default",
            "ipv4_ipam_pool_id": null,
            "ipv4_netmask_length": null,
            "ipv6_association_id": "",
            "ipv6_cidr_block": "",
            "ipv6_cidr_block_network_border_group": "",
            "ipv6_ipam_pool_id": "",
            "ipv6_netmask_length": 0,
            "main_route_table_id": "rtb-07f3e0628551fb0ae",
            "owner_id": "695359722844",
            "tags": {
              "Name": "sl-vpc"
            },
            "tags_all": {
              "Name": "sl-vpc"
            }
          },
          "sensitive_attributes": [],
          "private": "eyJzY2hlbWFfdmVyc2lvbiI6IjEifQ=="
        }
      ]
    },
    {
      "mode": "managed",
      "type": "local_file",
      "name": "sl-key",
      "provider": "provider[\"registry.terraform.io/hashicorp/local\"]",
      "instances": [
        {
          "schema_version": 0,
          "attributes": {
            "content": "-----BEGIN RSA PRIVATE KEY-----\nMIIEpQIBAAKCAQEAtMMXmN4F/KuiVKSJ7aAjob88NzDJWgJPaRA5Z/17EqLIknfb\nhq8L7C7Xv6fVNx6c4Pj0ynwntqpKsGMWFgVU3zCqawYlgo3JySLSjvP6C6Laih55\nGdDoFiwCovjloMhLziCyw9LbDqB34NXCkmikxsf3IHe/t2SC1+C4wU4rOODZPEpM\nhDBeaEYkN2kKiAIAWftvFLu/3TkoLo43PO1BEf1c90EYXQuR2s19JUJB/s91qqh5\n3e1O/cEzOnOXXOz6v1RxSFQUhMYJtOOq6yjemNC/yED/fwykcR6F0LcV3vhzZMNW\niEX0sS/CoYMWsEDkajyZ37Gaysk6SMHlAkmetwIDAQABAoIBAHWVXpky+8QDxcG3\nkn0/qU4C/uGL276wOAXI5v7NNazGtSAJ1YREA8ZsJi3mt9x2DmiNqXa50n+RQKqC\nmhBTAYV5u7GIuwe0wekTvNH+xM2i7vPfpLj1WrNph4GJ1J2FDUKVpJObaqGWIsTf\naAUjCuS/mPLG0rAyMqbI6IXeGmGRUaUNvbtIx+rPCeUbM2FuYvZUlXBxMEFDDg2O\nMyJ94MbaJKNlv8sj3aPpgVhg3e+ujnAyKTa6MZHzIKm/jw0BrIHnvOfSDKyCBIWs\nPFRQICHB8xBkGElaHStfOWZnTlp4BHqpEXg0W4iry3Tmja0H1qxeB83hJwSJr3fc\nmC1zfekCgYEAzICuQgaJNu4Y7Npddukuq6BStnY3jN+SDO+Dc4pTqWfQzKdIOZeI\nnetYgORQBgdTfyCNfbhGhx8FEpbsHouOdebC6saXfvPR2UN2FOQuvdQgokT2AYFn\nGWk99lTRwX+Vb6IvdfhR4iYRsCRqVtrCY5zdr/ZjH9FvAsLkRoIol1MCgYEA4kf3\n8vgRdbmhxoWy2Xwqer0b0h3J/cidVA/lJp7FdR6Wfs30g/I+tpC+s5HTmcq4SGIk\n+AW1Vcq1vxmZOuDxH1VpTg/vkFtFVbroLbLhSd+VfXcMOT7jh599VDLaPusDZaZb\nVUlIB7psTIFGry20bhPMpf7AMSmFPJ+3iPpt4o0CgYEArnjGsuvymxutxj1S6kVt\nHN3OU38uS5DegQzDIIsOb4Rz3naFpyUCWIDWZDjlkQ8lDFvQe0cBXPx5DnAWiMTV\nyP8UosrFq3kHOw5UKuS2gBv/r5GYNJabSFHCnGum/SgFbVV4mnQ+H+wMwTOAShOf\nLu9BL4PM8/Nxe3Cc4w7e5KMCgYEAm8iOZIDyjEkLnkAnnGFGYY/WGncVvBmkbt4u\nlcMTEAnJ9GzYXQqmsEvAbqIDusp8yqB+8R4E9JaFP5ZhDs8UUc0cnXiNJqYfeuEd\nvXB8d75tDZ6rFLI+NP3Ra+lCpbRod0/razDzXRa0Pot13V6q7GnHJ7TWHkKGjvEq\niyxWAHUCgYEAlFo/lZjZts4wRJRnH5XmjUjlcenh8djapc6sgXCHYuuq7jkJECrT\nNy9OFYX9p4I50TJBIVAKUeBk3fIpn3XiRTKDtlDCeaA00wv9RKiyIDNT2zvvoB/K\nNSaZSwWAUyzfzViyE/r2qVZH+WkAF84llyI49r6DUC2K2y/lsxQs2+E=\n-----END RSA PRIVATE KEY-----\n",
            "content_base64": null,
            "content_base64sha256": "iE4agejK76CxOXPImWz9U4z+JOzlIC9xG5mxJ4Lgi5g=",
            "content_base64sha512": "T2rNOEgeQqL+/MDUfLqSECXt9AagErmJ/9cD+sYQNsqWRIJ1+2/bR7r3gKmTWt1OEPTDbhKEaoL9kXOAJhIu7w==",
            "content_md5": "9f56f3103d37f26b2d4b6d362ef6f570",
            "content_sha1": "450a8a90532e744db6189eedabcf5e91d16a0c18",
            "content_sha256": "884e1a81e8caefa0b13973c8996cfd538cfe24ece5202f711b99b12782e08b98",
            "content_sha512": "4f6acd38481e42a2fefcc0d47cba921025edf406a012b989ffd703fac61036ca96448275fb6fdb47baf780a9935add4e10f4c36e12846a82fd91738026122eef",
            "directory_permission": "0777",
            "file_permission": "0400",
            "filename": "sl-key.pem",
            "id": "450a8a90532e744db6189eedabcf5e91d16a0c18",
            "sensitive_content": null,
            "source": null
          },
          "sensitive_attributes": [
            [
              {
                "type": "get_attr",
                "value": "sensitive_content"
              }
            ],
            [
              {
                "type": "get_attr",
                "value": "content"
              }
            ]
          ],
          "dependencies": [
            "tls_private_key.tls-key"
          ]
        }
      ]
    },
    {
      "mode": "managed",
      "type": "null_resource",
      "name": "execute_playbook",
      "provider": "provider[\"registry.terraform.io/hashicorp/null\"]",
      "instances": [
        {
          "schema_version": 0,
          "attributes": {
            "id": "4722026726582774146",
            "triggers": {
              "instance_ids": "i-0af524a5245d6c1f9,i-0df1fe34a8f6a5f9d,i-01415c01c5df0f14e,i-0b31f1c090f4a748e,i-05ea7de3128a75a1f"
            }
          },
          "sensitive_attributes": [],
          "dependencies": [
            "aws_instance.web",
            "aws_key_pair.app-key",
            "aws_security_group.sl-sg",
            "aws_subnet.subnet-1",
            "aws_vpc.sl-vpc",
            "local_file.sl-key",
            "tls_private_key.tls-key"
          ]
        }
      ]
    },
    {
      "mode": "managed",
      "type": "tls_private_key",
      "name": "tls-key",
      "provider": "provider[\"registry.terraform.io/hashicorp/tls\"]",
      "instances": [
        {
          "schema_version": 1,
          "attributes": {
            "algorithm": "RSA",
            "ecdsa_curve": "P224",
            "id": "b62857050fe480ba288c2d0addde2befaa5864cb",
            "private_key_openssh": "-----BEGIN OPENSSH PRIVATE KEY-----\nb3BlbnNzaC1rZXktdjEAAAAABG5vbmUAAAAEbm9uZQAAAAAAAAABAAABFwAAAAdz\nc2gtcnNhAAAAAwEAAQAAAQEAtMMXmN4F/KuiVKSJ7aAjob88NzDJWgJPaRA5Z/17\nEqLIknfbhq8L7C7Xv6fVNx6c4Pj0ynwntqpKsGMWFgVU3zCqawYlgo3JySLSjvP6\nC6Laih55GdDoFiwCovjloMhLziCyw9LbDqB34NXCkmikxsf3IHe/t2SC1+C4wU4r\nOODZPEpMhDBeaEYkN2kKiAIAWftvFLu/3TkoLo43PO1BEf1c90EYXQuR2s19JUJB\n/s91qqh53e1O/cEzOnOXXOz6v1RxSFQUhMYJtOOq6yjemNC/yED/fwykcR6F0LcV\n3vhzZMNWiEX0sS/CoYMWsEDkajyZ37Gaysk6SMHlAkmetwAAA7jYkeQF2JHkBQAA\nAAdzc2gtcnNhAAABAQC0wxeY3gX8q6JUpIntoCOhvzw3MMlaAk9pEDln/XsSosiS\nd9uGrwvsLte/p9U3Hpzg+PTKfCe2qkqwYxYWBVTfMKprBiWCjcnJItKO8/oLotqK\nHnkZ0OgWLAKi+OWgyEvOILLD0tsOoHfg1cKSaKTGx/cgd7+3ZILX4LjBTis44Nk8\nSkyEMF5oRiQ3aQqIAgBZ+28Uu7/dOSgujjc87UER/Vz3QRhdC5HazX0lQkH+z3Wq\nqHnd7U79wTM6c5dc7Pq/VHFIVBSExgm046rrKN6Y0L/IQP9/DKRxHoXQtxXe+HNk\nw1aIRfSxL8KhgxawQORqPJnfsZrKyTpIweUCSZ63AAAAAwEAAQAAAQB1lV6ZMvvE\nA8XBt5J9P6lOAv7hi9u+sDgFyOb+zTWsxrUgCdWERAPGbCYt5rfcdg5ojal2udJ/\nkUCqgpoQUwGFebuxiLsHtMHpE7zR/sTNou7z36S49VqzaYeBidSdhQ1ClaSTm2qh\nliLE32gFIwrkv5jyxtKwMjKmyOiF3hphkVGlDb27SMfqzwnlGzNhbmL2VJVwcTBB\nQw4NjjMifeDG2iSjZb/LI92j6YFYYN3vro5wMik2ujGR8yCpv48NAayB57zn0gys\nggSFrDxUUCAhwfMQZBhJWh0rXzlmZ05aeAR6qRF4NFuIq8t05o2tB9asXgfN4ScE\nia933Jgtc33pAAAAgQCUWj+VmNm2zjBElGcfleaNSOVx6eHx2NqlzqyBcIdi66ru\nOQkQKtM3L04Vhf2ngjnRMkEhUApR4GTd8imfdeJFMoO2UMJ5oDTTC/1EqLIgM1Pb\nO++gH8o1JplLBYBTLN/NWLIT+vapVkf5aQAXziWXIjj2voNQLYrbL+WzFCzb4QAA\nAIEAzICuQgaJNu4Y7Npddukuq6BStnY3jN+SDO+Dc4pTqWfQzKdIOZeInetYgORQ\nBgdTfyCNfbhGhx8FEpbsHouOdebC6saXfvPR2UN2FOQuvdQgokT2AYFnGWk99lTR\nwX+Vb6IvdfhR4iYRsCRqVtrCY5zdr/ZjH9FvAsLkRoIol1MAAACBAOJH9/L4EXW5\nocaFstl8Knq9G9Idyf3InVQP5SaexXUeln7N9IPyPraQvrOR05nKuEhiJPgFtVXK\ntb8ZmTrg8R9VaU4P75BbRVW66C2y4UnflX13DDk+44effVQy2j7rA2WmW1VJSAe6\nbEyBRq8ttG4TzKX+wDEphTyft4j6beKNAAAAAAEC\n-----END OPENSSH PRIVATE KEY-----\n",
            "private_key_pem": "-----BEGIN RSA PRIVATE KEY-----\nMIIEpQIBAAKCAQEAtMMXmN4F/KuiVKSJ7aAjob88NzDJWgJPaRA5Z/17EqLIknfb\nhq8L7C7Xv6fVNx6c4Pj0ynwntqpKsGMWFgVU3zCqawYlgo3JySLSjvP6C6Laih55\nGdDoFiwCovjloMhLziCyw9LbDqB34NXCkmikxsf3IHe/t2SC1+C4wU4rOODZPEpM\nhDBeaEYkN2kKiAIAWftvFLu/3TkoLo43PO1BEf1c90EYXQuR2s19JUJB/s91qqh5\n3e1O/cEzOnOXXOz6v1RxSFQUhMYJtOOq6yjemNC/yED/fwykcR6F0LcV3vhzZMNW\niEX0sS/CoYMWsEDkajyZ37Gaysk6SMHlAkmetwIDAQABAoIBAHWVXpky+8QDxcG3\nkn0/qU4C/uGL276wOAXI5v7NNazGtSAJ1YREA8ZsJi3mt9x2DmiNqXa50n+RQKqC\nmhBTAYV5u7GIuwe0wekTvNH+xM2i7vPfpLj1WrNph4GJ1J2FDUKVpJObaqGWIsTf\naAUjCuS/mPLG0rAyMqbI6IXeGmGRUaUNvbtIx+rPCeUbM2FuYvZUlXBxMEFDDg2O\nMyJ94MbaJKNlv8sj3aPpgVhg3e+ujnAyKTa6MZHzIKm/jw0BrIHnvOfSDKyCBIWs\nPFRQICHB8xBkGElaHStfOWZnTlp4BHqpEXg0W4iry3Tmja0H1qxeB83hJwSJr3fc\nmC1zfekCgYEAzICuQgaJNu4Y7Npddukuq6BStnY3jN+SDO+Dc4pTqWfQzKdIOZeI\nnetYgORQBgdTfyCNfbhGhx8FEpbsHouOdebC6saXfvPR2UN2FOQuvdQgokT2AYFn\nGWk99lTRwX+Vb6IvdfhR4iYRsCRqVtrCY5zdr/ZjH9FvAsLkRoIol1MCgYEA4kf3\n8vgRdbmhxoWy2Xwqer0b0h3J/cidVA/lJp7FdR6Wfs30g/I+tpC+s5HTmcq4SGIk\n+AW1Vcq1vxmZOuDxH1VpTg/vkFtFVbroLbLhSd+VfXcMOT7jh599VDLaPusDZaZb\nVUlIB7psTIFGry20bhPMpf7AMSmFPJ+3iPpt4o0CgYEArnjGsuvymxutxj1S6kVt\nHN3OU38uS5DegQzDIIsOb4Rz3naFpyUCWIDWZDjlkQ8lDFvQe0cBXPx5DnAWiMTV\nyP8UosrFq3kHOw5UKuS2gBv/r5GYNJabSFHCnGum/SgFbVV4mnQ+H+wMwTOAShOf\nLu9BL4PM8/Nxe3Cc4w7e5KMCgYEAm8iOZIDyjEkLnkAnnGFGYY/WGncVvBmkbt4u\nlcMTEAnJ9GzYXQqmsEvAbqIDusp8yqB+8R4E9JaFP5ZhDs8UUc0cnXiNJqYfeuEd\nvXB8d75tDZ6rFLI+NP3Ra+lCpbRod0/razDzXRa0Pot13V6q7GnHJ7TWHkKGjvEq\niyxWAHUCgYEAlFo/lZjZts4wRJRnH5XmjUjlcenh8djapc6sgXCHYuuq7jkJECrT\nNy9OFYX9p4I50TJBIVAKUeBk3fIpn3XiRTKDtlDCeaA00wv9RKiyIDNT2zvvoB/K\nNSaZSwWAUyzfzViyE/r2qVZH+WkAF84llyI49r6DUC2K2y/lsxQs2+E=\n-----END RSA PRIVATE KEY-----\n",
            "private_key_pem_pkcs8": "-----BEGIN PRIVATE KEY-----\nMIIEvwIBADANBgkqhkiG9w0BAQEFAASCBKkwggSlAgEAAoIBAQC0wxeY3gX8q6JU\npIntoCOhvzw3MMlaAk9pEDln/XsSosiSd9uGrwvsLte/p9U3Hpzg+PTKfCe2qkqw\nYxYWBVTfMKprBiWCjcnJItKO8/oLotqKHnkZ0OgWLAKi+OWgyEvOILLD0tsOoHfg\n1cKSaKTGx/cgd7+3ZILX4LjBTis44Nk8SkyEMF5oRiQ3aQqIAgBZ+28Uu7/dOSgu\njjc87UER/Vz3QRhdC5HazX0lQkH+z3WqqHnd7U79wTM6c5dc7Pq/VHFIVBSExgm0\n46rrKN6Y0L/IQP9/DKRxHoXQtxXe+HNkw1aIRfSxL8KhgxawQORqPJnfsZrKyTpI\nweUCSZ63AgMBAAECggEAdZVemTL7xAPFwbeSfT+pTgL+4YvbvrA4Bcjm/s01rMa1\nIAnVhEQDxmwmLea33HYOaI2pdrnSf5FAqoKaEFMBhXm7sYi7B7TB6RO80f7EzaLu\n89+kuPVas2mHgYnUnYUNQpWkk5tqoZYixN9oBSMK5L+Y8sbSsDIypsjohd4aYZFR\npQ29u0jH6s8J5RszYW5i9lSVcHEwQUMODY4zIn3gxtoko2W/yyPdo+mBWGDd766O\ncDIpNroxkfMgqb+PDQGsgee859IMrIIEhaw8VFAgIcHzEGQYSVodK185ZmdOWngE\neqkReDRbiKvLdOaNrQfWrF4HzeEnBImvd9yYLXN96QKBgQDMgK5CBok27hjs2l12\n6S6roFK2djeM35IM74NzilOpZ9DMp0g5l4id61iA5FAGB1N/II19uEaHHwUSluwe\ni4515sLqxpd+89HZQ3YU5C691CCiRPYBgWcZaT32VNHBf5Vvoi91+FHiJhGwJGpW\n2sJjnN2v9mMf0W8CwuRGgiiXUwKBgQDiR/fy+BF1uaHGhbLZfCp6vRvSHcn9yJ1U\nD+UmnsV1HpZ+zfSD8j62kL6zkdOZyrhIYiT4BbVVyrW/GZk64PEfVWlOD++QW0VV\nuugtsuFJ35V9dww5PuOHn31UMto+6wNlpltVSUgHumxMgUavLbRuE8yl/sAxKYU8\nn7eI+m3ijQKBgQCueMay6/KbG63GPVLqRW0c3c5Tfy5LkN6BDMMgiw5vhHPedoWn\nJQJYgNZkOOWRDyUMW9B7RwFc/HkOcBaIxNXI/xSiysWreQc7DlQq5LaAG/+vkZg0\nlptIUcKca6b9KAVtVXiadD4f7AzBM4BKE58u70Evg8zz83F7cJzjDt7kowKBgQCb\nyI5kgPKMSQueQCecYUZhj9YadxW8GaRu3i6VwxMQCcn0bNhdCqawS8BuogO6ynzK\noH7xHgT0loU/lmEOzxRRzRydeI0mph964R29cHx3vm0NnqsUsj40/dFr6UKltGh3\nT+trMPNdFrQ+i3XdXqrsaccntNYeQoaO8SqLLFYAdQKBgQCUWj+VmNm2zjBElGcf\nleaNSOVx6eHx2NqlzqyBcIdi66ruOQkQKtM3L04Vhf2ngjnRMkEhUApR4GTd8imf\ndeJFMoO2UMJ5oDTTC/1EqLIgM1PbO++gH8o1JplLBYBTLN/NWLIT+vapVkf5aQAX\nziWXIjj2voNQLYrbL+WzFCzb4Q==\n-----END PRIVATE KEY-----\n",
            "public_key_fingerprint_md5": "ec:c4:9b:8b:36:ea:07:f5:58:fa:66:3e:19:32:6a:66",
            "public_key_fingerprint_sha256": "SHA256:7GKXrMyV6Dm/kzeY4Qe8sm9IDpwP4XPGgC4Xi+EV95A",
            "public_key_openssh": "ssh-rsa AAAAB3NzaC1yc2EAAAADAQABAAABAQC0wxeY3gX8q6JUpIntoCOhvzw3MMlaAk9pEDln/XsSosiSd9uGrwvsLte/p9U3Hpzg+PTKfCe2qkqwYxYWBVTfMKprBiWCjcnJItKO8/oLotqKHnkZ0OgWLAKi+OWgyEvOILLD0tsOoHfg1cKSaKTGx/cgd7+3ZILX4LjBTis44Nk8SkyEMF5oRiQ3aQqIAgBZ+28Uu7/dOSgujjc87UER/Vz3QRhdC5HazX0lQkH+z3WqqHnd7U79wTM6c5dc7Pq/VHFIVBSExgm046rrKN6Y0L/IQP9/DKRxHoXQtxXe+HNkw1aIRfSxL8KhgxawQORqPJnfsZrKyTpIweUCSZ63\n",
            "public_key_pem": "-----BEGIN PUBLIC KEY-----\nMIIBIjANBgkqhkiG9w0BAQEFAAOCAQ8AMIIBCgKCAQEAtMMXmN4F/KuiVKSJ7aAj\nob88NzDJWgJPaRA5Z/17EqLIknfbhq8L7C7Xv6fVNx6c4Pj0ynwntqpKsGMWFgVU\n3zCqawYlgo3JySLSjvP6C6Laih55GdDoFiwCovjloMhLziCyw9LbDqB34NXCkmik\nxsf3IHe/t2SC1+C4wU4rOODZPEpMhDBeaEYkN2kKiAIAWftvFLu/3TkoLo43PO1B\nEf1c90EYXQuR2s19JUJB/s91qqh53e1O/cEzOnOXXOz6v1RxSFQUhMYJtOOq6yje\nmNC/yED/fwykcR6F0LcV3vhzZMNWiEX0sS/CoYMWsEDkajyZ37Gaysk6SMHlAkme\ntwIDAQAB\n-----END PUBLIC KEY-----\n",
            "rsa_bits": 2048
          },
          "sensitive_attributes": [
            [
              {
                "type": "get_attr",
                "value": "private_key_pem_pkcs8"
              }
            ],
            [
              {
                "type": "get_attr",
                "value": "private_key_pem"
              }
            ],
            [
              {
                "type": "get_attr",
                "value": "private_key_openssh"
              }
            ]
          ]
        }
      ]
    }
  ],
  "check_results": null
}
